
Microsoft Visual Studio Solution File, Format Version 12.00
# Visual Studio Version 17
VisualStudioVersion = 17.4.33213.308
MinimumVisualStudioVersion = 10.0.40219.1
Project("{FAE04EC0-301F-11D3-BF4B-00C04F79EFBC}") = "DataAccessLayer", "DataAccessLayer\DataAccessLayer.csproj", "{7A19D68B-A8EC-45E5-83AE-0FC141AE83D1}"
EndProject
Project("{FAE04EC0-301F-11D3-BF4B-00C04F79EFBC}") = "WebApiService", "WebApiService\WebApiService.csproj", "{3D943907-9F19-4CEF-A185-31EA44551906}"
EndProject
Project("{FAE04EC0-301F-11D3-BF4B-00C04F79EFBC}") = "ConsumeWebApi", "ConsumeWebApi\ConsumeWebApi.csproj", "{676C5352-CD31-49FF-A185-A9F09BCEF02D}"
EndProject
Global
	GlobalSection(SolutionConfigurationPlatforms) = preSolution
		Debug|Any CPU = Debug|Any CPU
		Release|Any CPU = Release|Any CPU
	EndGlobalSection
	GlobalSection(ProjectConfigurationPlatforms) = postSolution
		{7A19D68B-A8EC-45E5-83AE-0FC141AE83D1}.Debug|Any CPU.ActiveCfg = Debug|Any CPU
		{7A19D68B-A8EC-45E5-83AE-0FC141AE83D1}.Debug|Any CPU.Build.0 = Debug|Any CPU
		{7A19D68B-A8EC-45E5-83AE-0FC141AE83D1}.Release|Any CPU.ActiveCfg = Release|Any CPU
		{7A19D68B-A8EC-45E5-83AE-0FC141AE83D1}.Release|Any CPU.Build.0 = Release|Any CPU
		{3D943907-9F19-4CEF-A185-31EA44551906}.Debug|Any CPU.ActiveCfg = Debug|Any CPU
		{3D943907-9F19-4CEF-A185-31EA44551906}.Debug|Any CPU.Build.0 = Debug|Any CPU
		{3D943907-9F19-4CEF-A185-31EA44551906}.Release|Any CPU.ActiveCfg = Release|Any CPU
		{3D943907-9F19-4CEF-A185-31EA44551906}.Release|Any CPU.Build.0 = Release|Any CPU
		{676C5352-CD31-49FF-A185-A9F09BCEF02D}.Debug|Any CPU.ActiveCfg = Debug|Any CPU
		{676C5352-CD31-49FF-A185-A9F09BCEF02D}.Debug|Any CPU.Build.0 = Debug|Any CPU
		{676C5352-CD31-49FF-A185-A9F09BCEF02D}.Release|Any CPU.ActiveCfg = Release|Any CPU
		{676C5352-CD31-49FF-A185-A9F09BCEF02D}.Release|Any CPU.Build.0 = Release|Any CPU
	EndGlobalSection
	GlobalSection(SolutionProperties) = preSolution
		HideSolutionNode = FALSE
	EndGlobalSection
	GlobalSection(ExtensibilityGlobals) = postSolution
		SolutionGuid = {C686B166-BAB2-4B6F-92F8-23FE0E6169FD}
	EndGlobalSection
EndGlobal
